// !$*UTF8*$!
{
	archiveVersion = 1;
	classes = {
	};
	objectVersion = 56;
	objects = {

/* Begin PBXBuildFile section */
		98DD60863B20708ED20D9DAD /* Pods_Weather.framework in Frameworks */ = {isa = PBXBuildFile; fileRef = C770BC9EA709BE350C0DD22E /* Pods_Weather.framework */; };
		CC7443AC2A74234D0090AD3E /* WeatherAssembly.swift in Sources */ = {isa = PBXBuildFile; fileRef = CC7443AB2A74234D0090AD3E /* WeatherAssembly.swift */; };
		CC7443AE2A7423B50090AD3E /* WeayherModel.swift in Sources */ = {isa = PBXBuildFile; fileRef = CC7443AD2A7423B50090AD3E /* WeayherModel.swift */; };
		CC7443B02A7423E40090AD3E /* WeatherPresenter.swift in Sources */ = {isa = PBXBuildFile; fileRef = CC7443AF2A7423E40090AD3E /* WeatherPresenter.swift */; };
		CC7443B32A74241B0090AD3E /* CustomCell.swift in Sources */ = {isa = PBXBuildFile; fileRef = CC7443B22A74241B0090AD3E /* CustomCell.swift */; };
		CC7443B62A7424B60090AD3E /* ExtentionUIImage.swift in Sources */ = {isa = PBXBuildFile; fileRef = CC7443B52A7424B60090AD3E /* ExtentionUIImage.swift */; };
		CC7443B82A7424CF0090AD3E /* ExtentionUIColor.swift in Sources */ = {isa = PBXBuildFile; fileRef = CC7443B72A7424CF0090AD3E /* ExtentionUIColor.swift */; };
		CCA6BD092A741A120079AA7C /* AppDelegate.swift in Sources */ = {isa = PBXBuildFile; fileRef = CCA6BD082A741A120079AA7C /* AppDelegate.swift */; };
		CCA6BD0B2A741A120079AA7C /* SceneDelegate.swift in Sources */ = {isa = PBXBuildFile; fileRef = CCA6BD0A2A741A120079AA7C /* SceneDelegate.swift */; };
		CCA6BD0D2A741A120079AA7C /* WeatherViewController.swift in Sources */ = {isa = PBXBuildFile; fileRef = CCA6BD0C2A741A120079AA7C /* WeatherViewController.swift */; };
		CCA6BD122A741A150079AA7C /* Assets.xcassets in Resources */ = {isa = PBXBuildFile; fileRef = CCA6BD112A741A150079AA7C /* Assets.xcassets */; };
		CCA6BD152A741A150079AA7C /* LaunchScreen.storyboard in Resources */ = {isa = PBXBuildFile; fileRef = CCA6BD132A741A150079AA7C /* LaunchScreen.storyboard */; };
/* End PBXBuildFile section */

/* Begin PBXFileReference section */
		3CB5795222C4C5D1A64175FE /* Pods-Weather.release.xcconfig */ = {isa = PBXFileReference; includeInIndex = 1; lastKnownFileType = text.xcconfig; name = "Pods-Weather.release.xcconfig"; path = "Target Support Files/Pods-Weather/Pods-Weather.release.xcconfig"; sourceTree = "<group>"; };
		A5C7495041C8C481669D1346 /* Pods-Weather.debug.xcconfig */ = {isa = PBXFileReference; includeInIndex = 1; lastKnownFileType = text.xcconfig; name = "Pods-Weather.debug.xcconfig"; path = "Target Support Files/Pods-Weather/Pods-Weather.debug.xcconfig"; sourceTree = "<group>"; };
		C770BC9EA709BE350C0DD22E /* Pods_Weather.framework */ = {isa = PBXFileReference; explicitFileType = wrapper.framework; includeInIndex = 0; path = Pods_Weather.framework; sourceTree = BUILT_PRODUCTS_DIR; };
		CC7443AB2A74234D0090AD3E /* WeatherAssembly.swift */ = {isa = PBXFileReference; lastKnownFileType = sourcecode.swift; path = WeatherAssembly.swift; sourceTree = "<group>"; };
		CC7443AD2A7423B50090AD3E /* WeayherModel.swift */ = {isa = PBXFileReference; lastKnownFileType = sourcecode.swift; path = WeayherModel.swift; sourceTree = "<group>"; };
		CC7443AF2A7423E40090AD3E /* WeatherPresenter.swift */ = {isa = PBXFileReference; lastKnownFileType = sourcecode.swift; path = WeatherPresenter.swift; sourceTree = "<group>"; };
		CC7443B22A74241B0090AD3E /* CustomCell.swift */ = {isa = PBXFileReference; lastKnownFileType = sourcecode.swift; path = CustomCell.swift; sourceTree = "<group>"; };
		CC7443B52A7424B60090AD3E /* ExtentionUIImage.swift */ = {isa = PBXFileReference; lastKnownFileType = sourcecode.swift; path = ExtentionUIImage.swift; sourceTree = "<group>"; };
		CC7443B72A7424CF0090AD3E /* ExtentionUIColor.swift */ = {isa = PBXFileReference; lastKnownFileType = sourcecode.swift; path = ExtentionUIColor.swift; sourceTree = "<group>"; };
		CCA6BD052A741A120079AA7C /* Weather.app */ = {isa = PBXFileReference; explicitFileType = wrapper.application; includeInIndex = 0; path = Weather.app; sourceTree = BUILT_PRODUCTS_DIR; };
		CCA6BD082A741A120079AA7C /* AppDelegate.swift */ = {isa = PBXFileReference; lastKnownFileType = sourcecode.swift; path = AppDelegate.swift; sourceTree = "<group>"; };
		CCA6BD0A2A741A120079AA7C /* SceneDelegate.swift */ = {isa = PBXFileReference; lastKnownFileType = sourcecode.swift; path = SceneDelegate.swift; sourceTree = "<group>"; };
		CCA6BD0C2A741A120079AA7C /* WeatherViewController.swift */ = {isa = PBXFileReference; lastKnownFileType = sourcecode.swift; path = WeatherViewController.swift; sourceTree = "<group>"; };
		CCA6BD112A741A150079AA7C /* Assets.xcassets */ = {isa = PBXFileReference; lastKnownFileType = folder.assetcatalog; path = Assets.xcassets; sourceTree = "<group>"; };
		CCA6BD142A741A150079AA7C /* Base */ = {isa = PBXFileReference; lastKnownFileType = file.storyboard; name = Base; path = Base.lproj/LaunchScreen.storyboard; sourceTree = "<group>"; };
		CCA6BD162A741A150079AA7C /* Info.plist */ = {isa = PBXFileReference; lastKnownFileType = text.plist.xml; path = Info.plist; sourceTree = "<group>"; };
/* End PBXFileReference section */

/* Begin PBXFrameworksBuildPhase section */
		CCA6BD022A741A120079AA7C /* Frameworks */ = {
			isa = PBXFrameworksBuildPhase;
			buildActionMask = 2147483647;
			files = (
				98DD60863B20708ED20D9DAD /* Pods_Weather.framework in Frameworks */,
			);
			runOnlyForDeploymentPostprocessing = 0;
		};
/* End PBXFrameworksBuildPhase section */

/* Begin PBXGroup section */
		18EFE24B926E4DDC20702311 /* Pods */ = {
			isa = PBXGroup;
			children = (
				A5C7495041C8C481669D1346 /* Pods-Weather.debug.xcconfig */,
				3CB5795222C4C5D1A64175FE /* Pods-Weather.release.xcconfig */,
			);
			path = Pods;
			sourceTree = "<group>";
		};
		35AC728C5BE95A23F90A9A1B /* Frameworks */ = {
			isa = PBXGroup;
			children = (
				C770BC9EA709BE350C0DD22E /* Pods_Weather.framework */,
			);
			name = Frameworks;
			sourceTree = "<group>";
		};
		CC7443A62A7422820090AD3E /* First Module */ = {
			isa = PBXGroup;
			children = (
				CC7443AA2A74229C0090AD3E /* Assembly */,
				CC7443A92A7422970090AD3E /* Model */,
				CC7443A82A7422930090AD3E /* View */,
				CC7443A72A74228E0090AD3E /* Presenter */,
				CC7443B42A7424480090AD3E /* Helpers */,
			);
			path = "First Module";
			sourceTree = "<group>";
		};
		CC7443A72A74228E0090AD3E /* Presenter */ = {
			isa = PBXGroup;
			children = (
				CC7443AF2A7423E40090AD3E /* WeatherPresenter.swift */,
			);
			path = Presenter;
			sourceTree = "<group>";
		};
		CC7443A82A7422930090AD3E /* View */ = {
			isa = PBXGroup;
			children = (
				CCA6BD0C2A741A120079AA7C /* WeatherViewController.swift */,
				CC7443B12A7423FB0090AD3E /* SubViews */,
			);
			path = View;
			sourceTree = "<group>";
		};
		CC7443A92A7422970090AD3E /* Model */ = {
			isa = PBXGroup;
			children = (
				CC7443AD2A7423B50090AD3E /* WeayherModel.swift */,
			);
			path = Model;
			sourceTree = "<group>";
		};
		CC7443AA2A74229C0090AD3E /* Assembly */ = {
			isa = PBXGroup;
			children = (
				CC7443AB2A74234D0090AD3E /* WeatherAssembly.swift */,
			);
			path = Assembly;
			sourceTree = "<group>";
		};
		CC7443B12A7423FB0090AD3E /* SubViews */ = {
			isa = PBXGroup;
			children = (
				CC7443B22A74241B0090AD3E /* CustomCell.swift */,
			);
			path = SubViews;
			sourceTree = "<group>";
		};
		CC7443B42A7424480090AD3E /* Helpers */ = {
			isa = PBXGroup;
			children = (
				CC7443B52A7424B60090AD3E /* ExtentionUIImage.swift */,
				CC7443B72A7424CF0090AD3E /* ExtentionUIColor.swift */,
			);
			path = Helpers;
			sourceTree = "<group>";
		};
		CCA6BCFC2A741A120079AA7C = {
			isa = PBXGroup;
			children = (
				CCA6BD072A741A120079AA7C /* Weather */,
				CCA6BD062A741A120079AA7C /* Products */,
				18EFE24B926E4DDC20702311 /* Pods */,
				35AC728C5BE95A23F90A9A1B /* Frameworks */,
			);
			sourceTree = "<group>";
		};
		CCA6BD062A741A120079AA7C /* Products */ = {
			isa = PBXGroup;
			children = (
				CCA6BD052A741A120079AA7C /* Weather.app */,
			);
			name = Products;
			sourceTree = "<group>";
		};
		CCA6BD072A741A120079AA7C /* Weather */ = {
			isa = PBXGroup;
			children = (
				CCA6BD082A741A120079AA7C /* AppDelegate.swift */,
				CCA6BD0A2A741A120079AA7C /* SceneDelegate.swift */,
				CC7443A62A7422820090AD3E /* First Module */,
				CCA6BD112A741A150079AA7C /* Assets.xcassets */,
				CCA6BD132A741A150079AA7C /* LaunchScreen.storyboard */,
				CCA6BD162A741A150079AA7C /* Info.plist */,
			);
			path = Weather;
			sourceTree = "<group>";
		};
/* End PBXGroup section */

/* Begin PBXNativeTarget section */
		CCA6BD042A741A120079AA7C /* Weather */ = {
			isa = PBXNativeTarget;
			buildConfigurationList = CCA6BD192A741A150079AA7C /* Build configuration list for PBXNativeTarget "Weather" */;
			buildPhases = (
				ECA5319F977616FDB72F9B47 /* [CP] Check Pods Manifest.lock */,
				CCA6BD012A741A120079AA7C /* Sources */,
				CCA6BD022A741A120079AA7C /* Frameworks */,
				CCA6BD032A741A120079AA7C /* Resources */,
				A4B654C1789BA746D72C924D /* [CP] Embed Pods Frameworks */,
			);
			buildRules = (
			);
			dependencies = (
			);
			name = Weather;
			productName = Weather;
			productReference = CCA6BD052A741A120079AA7C /* Weather.app */;
			productType = "com.apple.product-type.application";
		};
/* End PBXNativeTarget section */

/* Begin PBXProject section */
		CCA6BCFD2A741A120079AA7C /* Project object */ = {
			isa = PBXProject;
			attributes = {
				BuildIndependentTargetsInParallel = 1;
				LastSwiftUpdateCheck = 1400;
				LastUpgradeCheck = 1400;
				TargetAttributes = {
					CCA6BD042A741A120079AA7C = {
						CreatedOnToolsVersion = 14.0.1;
					};
				};
			};
			buildConfigurationList = CCA6BD002A741A120079AA7C /* Build configuration list for PBXProject "Weather" */;
			compatibilityVersion = "Xcode 14.0";
			developmentRegion = en;
			hasScannedForEncodings = 0;
			knownRegions = (
				en,
				Base,
			);
			mainGroup = CCA6BCFC2A741A120079AA7C;
			productRefGroup = CCA6BD062A741A120079AA7C /* Products */;
			projectDirPath = "";
			projectRoot = "";
			targets = (
				CCA6BD042A741A120079AA7C /* Weather */,
			);
		};
/* End PBXProject section */

/* Begin PBXResourcesBuildPhase section */
		CCA6BD032A741A120079AA7C /* Resources */ = {
			isa = PBXResourcesBuildPhase;
			buildActionMask = 2147483647;
			files = (
				CCA6BD152A741A150079AA7C /* LaunchScreen.storyboard in Resources */,
				CCA6BD122A741A150079AA7C /* Assets.xcassets in Resources */,
			);
			runOnlyForDeploymentPostprocessing = 0;
		};
/* End PBXResourcesBuildPhase section */

/* Begin PBXShellScriptBuildPhase section */
		A4B654C1789BA746D72C924D /* [CP] Embed Pods Frameworks */ = {
			isa = PBXShellScriptBuildPhase;
			buildActionMask = 2147483647;
			files = (
			);
			inputFileListPaths = (
				"${PODS_ROOT}/Target Support Files/Pods-Weather/Pods-Weather-frameworks-${CONFIGURATION}-input-files.xcfilelist",
			);
			name = "[CP] Embed Pods Frameworks";
			outputFileListPaths = (
				"${PODS_ROOT}/Target Support Files/Pods-Weather/Pods-Weather-frameworks-${CONFIGURATION}-output-files.xcfilelist",
			);
			runOnlyForDeploymentPostprocessing = 0;
			shellPath = /bin/sh;
			shellScript = "\"${PODS_ROOT}/Target Support Files/Pods-Weather/Pods-Weather-frameworks.sh\"\n";
			showEnvVarsInLog = 0;
		};
		ECA5319F977616FDB72F9B47 /* [CP] Check Pods Manifest.lock */ = {
			isa = PBXShellScriptBuildPhase;
			buildActionMask = 2147483647;
			files = (
			);
			inputFileListPaths = (
			);
			inputPaths = (
				"${PODS_PODFILE_DIR_PATH}/Podfile.lock",
				"${PODS_ROOT}/Manifest.lock",
			);
			name = "[CP] Check Pods Manifest.lock";
			outputFileListPaths = (
			);
			outputPaths = (
				"$(DERIVED_FILE_DIR)/Pods-Weather-checkManifestLockResult.txt",
			);
			runOnlyForDeploymentPostprocessing = 0;
			shellPath = /bin/sh;
			shellScript = "diff \"${PODS_PODFILE_DIR_PATH}/Podfile.lock\" \"${PODS_ROOT}/Manifest.lock\" > /dev/null\nif [ $? != 0 ] ; then\n    # print error to STDERR\n    echo \"error: The sandbox is not in sync with the Podfile.lock. Run 'pod install' or update your CocoaPods installation.\" >&2\n    exit 1\nfi\n# This output is used by Xcode 'outputs' to avoid re-running this script phase.\necho \"SUCCESS\" > \"${SCRIPT_OUTPUT_FILE_0}\"\n";
			showEnvVarsInLog = 0;
		};
/* End PBXShellScriptBuildPhase section */

/* Begin PBXSourcesBuildPhase section */
		CCA6BD012A741A120079AA7C /* Sources */ = {
			isa = PBXSourcesBuildPhase;
			buildActionMask = 2147483647;
			files = (
				CC7443B62A7424B60090AD3E /* ExtentionUIImage.swift in Sources */,
				CC7443B82A7424CF0090AD3E /* ExtentionUIColor.swift in Sources */,
				CC7443AE2A7423B50090AD3E /* WeayherModel.swift in Sources */,
				CC7443B02A7423E40090AD3E /* WeatherPresenter.swift in Sources */,
				CCA6BD0D2A741A120079AA7C /* WeatherViewController.swift in Sources */,
				CC7443AC2A74234D0090AD3E /* WeatherAssembly.swift in Sources */,
				CCA6BD092A741A120079AA7C /* AppDelegate.swift in Sources */,
				CC7443B32A74241B0090AD3E /* CustomCell.swift in Sources */,
				CCA6BD0B2A741A120079AA7C /* SceneDelegate.swift in Sources */,
			);
			runOnlyForDeploymentPostprocessing = 0;
		};
/* End PBXSourcesBuildPhase section */

/* Begin PBXVariantGroup section */
		CCA6BD132A741A150079AA7C /* LaunchScreen.storyboard */ = {
			isa = PBXVariantGroup;
			children = (
				CCA6BD142A741A150079AA7C /* Base */,
			);
			name = LaunchScreen.storyboard;
			sourceTree = "<group>";
		};
/* End PBXVariantGroup section */

/* Begin XCBuildConfiguration section */
		CCA6BD172A741A150079AA7C /* Debug */ = {
			isa = XCBuildConfiguration;
			buildSettings = {
				ALWAYS_SEARCH_USER_PATHS = NO;
				CLANG_ANALYZER_NONNULL = YES;
				CLANG_ANALYZER_NUMBER_OBJECT_CONVERSION = YES_AGGRESSIVE;
				CLANG_CXX_LANGUAGE_STANDARD = "gnu++20";
				CLANG_ENABLE_MODULES = YES;
				CLANG_ENABLE_OBJC_ARC = YES;
				CLANG_ENABLE_OBJC_WEAK = YES;
				CLANG_WARN_BLOCK_CAPTURE_AUTORELEASING = YES;
				CLANG_WARN_BOOL_CONVERSION = YES;
				CLANG_WARN_COMMA = YES;
				CLANG_WARN_CONSTANT_CONVERSION = YES;
				CLANG_WARN_DEPRECATED_OBJC_IMPLEMENTATIONS = YES;
				CLANG_WARN_DIRECT_OBJC_ISA_USAGE = YES_ERROR;
				CLANG_WARN_DOCUMENTATION_COMMENTS = YES;
				CLANG_WARN_EMPTY_BODY = YES;
				CLANG_WARN_ENUM_CONVERSION = YES;
				CLANG_WARN_INFINITE_RECURSION = YES;
				CLANG_WARN_INT_CONVERSION = YES;
				CLANG_WARN_NON_LITERAL_NULL_CONVERSION = YES;
				CLANG_WARN_OBJC_IMPLICIT_RETAIN_SELF = YES;
				CLANG_WARN_OBJC_LITERAL_CONVERSION = YES;
				CLANG_WARN_OBJC_ROOT_CLASS = YES_ERROR;
				CLANG_WARN_QUOTED_INCLUDE_IN_FRAMEWORK_HEADER = YES;
				CLANG_WARN_RANGE_LOOP_ANALYSIS = YES;
				CLANG_WARN_STRICT_PROTOTYPES = YES;
				CLANG_WARN_SUSPICIOUS_MOVE = YES;
				CLANG_WARN_UNGUARDED_AVAILABILITY = YES_AGGRESSIVE;
				CLANG_WARN_UNREACHABLE_CODE = YES;
				CLANG_WARN__DUPLICATE_METHOD_MATCH = YES;
				COPY_PHASE_STRIP = NO;
				DEBUG_INFORMATION_FORMAT = dwarf;
				ENABLE_STRICT_OBJC_MSGSEND = YES;
				ENABLE_TESTABILITY = YES;
				GCC_C_LANGUAGE_STANDARD = gnu11;
				GCC_DYNAMIC_NO_PIC = NO;
				GCC_NO_COMMON_BLOCKS = YES;
				GCC_OPTIMIZATION_LEVEL = 0;
				GCC_PREPROCESSOR_DEFINITIONS = (
					"DEBUG=1",
					"$(inherited)",
				);
				GCC_WARN_64_TO_32_BIT_CONVERSION = YES;
				GCC_WARN_ABOUT_RETURN_TYPE = YES_ERROR;
				GCC_WARN_UNDECLARED_SELECTOR = YES;
				GCC_WARN_UNINITIALIZED_AUTOS = YES_AGGRESSIVE;
				GCC_WARN_UNUSED_FUNCTION = YES;
				GCC_WARN_UNUSED_VARIABLE = YES;
				IPHONEOS_DEPLOYMENT_TARGET = 16.0;
				MTL_ENABLE_DEBUG_INFO = INCLUDE_SOURCE;
				MTL_FAST_MATH = YES;
				ONLY_ACTIVE_ARCH = YES;
				SDKROOT = iphoneos;
				SWIFT_ACTIVE_COMPILATION_CONDITIONS = DEBUG;
				SWIFT_OPTIMIZATION_LEVEL = "-Onone";
			};
			name = Debug;
		};
		CCA6BD182A741A150079AA7C /* Release */ = {
			isa = XCBuildConfiguration;
			buildSettings = {
				ALWAYS_SEARCH_USER_PATHS = NO;
				CLANG_ANALYZER_NONNULL = YES;
				CLANG_ANALYZER_NUMBER_OBJECT_CONVERSION = YES_AGGRESSIVE;
				CLANG_CXX_LANGUAGE_STANDARD = "gnu++20";
				CLANG_ENABLE_MODULES = YES;
				CLANG_ENABLE_OBJC_ARC = YES;
				CLANG_ENABLE_OBJC_WEAK = YES;
				CLANG_WARN_BLOCK_CAPTURE_AUTORELEASING = YES;
				CLANG_WARN_BOOL_CONVERSION = YES;
				CLANG_WARN_COMMA = YES;
				CLANG_WARN_CONSTANT_CONVERSION = YES;
				CLANG_WARN_DEPRECATED_OBJC_IMPLEMENTATIONS = YES;
				CLANG_WARN_DIRECT_OBJC_ISA_USAGE = YES_ERROR;
				CLANG_WARN_DOCUMENTATION_COMMENTS = YES;
				CLANG_WARN_EMPTY_BODY = YES;
				CLANG_WARN_ENUM_CONVERSION = YES;
				CLANG_WARN_INFINITE_RECURSION = YES;
				CLANG_WARN_INT_CONVERSION = YES;
				CLANG_WARN_NON_LITERAL_NULL_CONVERSION = YES;
				CLANG_WARN_OBJC_IMPLICIT_RETAIN_SELF = YES;
				CLANG_WARN_OBJC_LITERAL_CONVERSION = YES;
				CLANG_WARN_OBJC_ROOT_CLASS = YES_ERROR;
				CLANG_WARN_QUOTED_INCLUDE_IN_FRAMEWORK_HEADER = YES;
				CLANG_WARN_RANGE_LOOP_ANALYSIS = YES;
				CLANG_WARN_STRICT_PROTOTYPES = YES;
				CLANG_WARN_SUSPICIOUS_MOVE = YES;
				CLANG_WARN_UNGUARDED_AVAILABILITY = YES_AGGRESSIVE;
				CLANG_WARN_UNREACHABLE_CODE = YES;
				CLANG_WARN__DUPLICATE_METHOD_MATCH = YES;
				COPY_PHASE_STRIP = NO;
				DEBUG_INFORMATION_FORMAT = "dwarf-with-dsym";
				ENABLE_NS_ASSERTIONS = NO;
				ENABLE_STRICT_OBJC_MSGSEND = YES;
				GCC_C_LANGUAGE_STANDARD = gnu11;
				GCC_NO_COMMON_BLOCKS = YES;
				GCC_WARN_64_TO_32_BIT_CONVERSION = YES;
				GCC_WARN_ABOUT_RETURN_TYPE = YES_ERROR;
				GCC_WARN_UNDECLARED_SELECTOR = YES;
				GCC_WARN_UNINITIALIZED_AUTOS = YES_AGGRESSIVE;
				GCC_WARN_UNUSED_FUNCTION = YES;
				GCC_WARN_UNUSED_VARIABLE = YES;
				IPHONEOS_DEPLOYMENT_TARGET = 16.0;
				MTL_ENABLE_DEBUG_INFO = NO;
				MTL_FAST_MATH = YES;
				SDKROOT = iphoneos;
				SWIFT_COMPILATION_MODE = wholemodule;
				SWIFT_OPTIMIZATION_LEVEL = "-O";
				VALIDATE_PRODUCT = YES;
			};
			name = Release;
		};
		CCA6BD1A2A741A150079AA7C /* Debug */ = {
			isa = XCBuildConfiguration;
			baseConfigurationReference = A5C7495041C8C481669D1346 /* Pods-Weather.debug.xcconfig */;
			buildSettings = {
				ASSETCATALOG_COMPILER_APPICON_NAME = AppIcon;
				ASSETCATALOG_COMPILER_GLOBAL_ACCENT_COLOR_NAME = AccentColor;
				CODE_SIGN_STYLE = Automatic;
				CURRENT_PROJECT_VERSION = 1;
				GENERATE_INFOPLIST_FILE = YES;
				INFOPLIST_FILE = Weather/Info.plist;
				INFOPLIST_KEY_UIApplicationSupportsIndirectInputEvents = YES;
				INFOPLIST_KEY_UILaunchStoryboardName = LaunchScreen;
				INFOPLIST_KEY_UISupportedInterfaceOrientations_iPad = "UIInterfaceOrientationPortrait UIInterfaceOrientationPortraitUpsideDown UIInterfaceOrientationLandscapeLeft UIInterfaceOrientationLandscapeRight";
				INFOPLIST_KEY_UISupportedInterfaceOrientations_iPhone = "UIInterfaceOrientationPortrait UIInterfaceOrientationLandscapeLeft UIInterfaceOrientationLandscapeRight";
				LD_RUNPATH_SEARCH_PATHS = (
					"$(inherited)",
					"@executable_path/Frameworks",
				);
				MARKETING_VERSION = 1.0;
				PRODUCT_BUNDLE_IDENTIFIER = "Maksim-Zhukov.Weather";
				PRODUCT_NAME = "$(TARGET_NAME)";
				SWIFT_EMIT_LOC_STRINGS = YES;
				SWIFT_VERSION = 5.0;
				TARGETED_DEVICE_FAMILY = "1,2";
			};
			name = Debug;
		};
		CCA6BD1B2A741A150079AA7C /* Release */ = {
			isa = XCBuildConfiguration;
			baseConfigurationReference = 3CB5795222C4C5D1A64175FE /* Pods-Weather.release.xcconfig */;
			buildSettings = {
				ASSETCATALOG_COMPILER_APPICON_NAME = AppIcon;
				ASSETCATALOG_COMPILER_GLOBAL_ACCENT_COLOR_NAME = AccentColor;
				CODE_SIGN_STYLE = Automatic;
				CURRENT_PROJECT_VERSION = 1;
				GENERATE_INFOPLIST_FILE = YES;
				INFOPLIST_FILE = Weather/Info.plist;
				INFOPLIST_KEY_UIApplicationSupportsIndirectInputEvents = YES;
				INFOPLIST_KEY_UILaunchStoryboardName = LaunchScreen;
				INFOPLIST_KEY_UISupportedInterfaceOrientations_iPad = "UIInterfaceOrientationPortrait UIInterfaceOrientationPortraitUpsideDown UIInterfaceOrientationLandscapeLeft UIInterfaceOrientationLandscapeRight";
				INFOPLIST_KEY_UISupportedInterfaceOrientations_iPhone = "UIInterfaceOrientationPortrait UIInterfaceOrientationLandscapeLeft UIInterfaceOrientationLandscapeRight";
				LD_RUNPATH_SEARCH_PATHS = (
					"$(inherited)",
					"@executable_path/Frameworks",
				);
				MARKETING_VERSION = 1.0;
				PRODUCT_BUNDLE_IDENTIFIER = "Maksim-Zhukov.Weather";
				PRODUCT_NAME = "$(TARGET_NAME)";
				SWIFT_EMIT_LOC_STRINGS = YES;
				SWIFT_VERSION = 5.0;
				TARGETED_DEVICE_FAMILY = "1,2";
			};
			name = Release;
		};
/* End XCBuildConfiguration section */

/* Begin XCConfigurationList section */
		CCA6BD002A741A120079AA7C /* Build configuration list for PBXProject "Weather" */ = {
			isa = XCConfigurationList;
			buildConfigurations = (
				CCA6BD172A741A150079AA7C /* Debug */,
				CCA6BD182A741A150079AA7C /* Release */,
			);
			defaultConfigurationIsVisible = 0;
			defaultConfigurationName = Release;
		};
		CCA6BD192A741A150079AA7C /* Build configuration list for PBXNativeTarget "Weather" */ = {
			isa = XCConfigurationList;
			buildConfigurations = (
				CCA6BD1A2A741A150079AA7C /* Debug */,
				CCA6BD1B2A741A150079AA7C /* Release */,
			);
			defaultConfigurationIsVisible = 0;
			defaultConfigurationName = Release;
		};
/* End XCConfigurationList section */
	};
	rootObject = CCA6BCFD2A741A120079AA7C /* Project object */;
}
